lockfileVersion: '9.0'

settings:
  autoInstallPeers: true
  excludeLinksFromLockfile: false

importers:

  .:
    dependencies:
      react-easy-crop:
        specifier: ^5.0.2
        version: 5.0.2(react-dom@19.1.0(react@19.1.0))(react@19.1.0)

packages:

  normalize-wheel@1.0.1:
    resolution: {integrity: sha512-1OnlAPZ3zgrk8B91HyRj+eVv+kS5u+Z0SCsak6Xil/kmgEia50ga7zfkumayonZrImffAxPU/5WcyGhzetHNPA==}

  react-dom@19.1.0:
    resolution: {integrity: sha512-Xs1hdnE+DyKgeHJeJznQmYMIBG3TKIHJJT95Q58nHLSrElKlGQqDTR2HQ9fx5CN/Gk6Vh/kupBTDLU11/nDk/g==}
    peerDependencies:
      react: ^19.1.0

  react-easy-crop@5.0.2:
    resolution: {integrity: sha512-j4A/0s0v/Gx5YGXvw3SOFIMmRk5YCdob2ABL5cD00Q9HQPKIz6tkCYLdj0RMO0REPtCAOsZ2ZZLI6fUofiDP6w==}
    peerDependencies:
      react: '>=16.4.0'
      react-dom: '>=16.4.0'

  react@19.1.0:
    resolution: {integrity: sha512-FS+XFBNvn3GTAWq26joslQgWNoFu08F4kl0J4CgdNKADkdSGXQyTCnKteIAJy96Br6YbpEU1LSzV5dYtjMkMDg==}
    engines: {node: '>=0.10.0'}

  scheduler@0.26.0:
    resolution: {integrity: sha512-NlHwttCI/l5gCPR3D1nNXtWABUmBwvZpEQiD4IXSbIDq8BzLIK/7Ir5gTFSGZDUu37K5cMNp0hFtzO38sC7gWA==}

  tslib@2.0.1:
    resolution: {integrity: sha512-SgIkNheinmEBgx1IUNirK0TUD4X9yjjBRTqqjggWCU3pUEqIk3/Uwl3yRixYKT6WjQuGiwDv4NomL3wqRCj+CQ==}

snapshots:

  normalize-wheel@1.0.1: {}

  react-dom@19.1.0(react@19.1.0):
    dependencies:
      react: 19.1.0
      scheduler: 0.26.0

  react-easy-crop@5.0.2(react-dom@19.1.0(react@19.1.0))(react@19.1.0):
    dependencies:
      normalize-wheel: 1.0.1
      react: 19.1.0
      react-dom: 19.1.0(react@19.1.0)
      tslib: 2.0.1

  react@19.1.0: {}

  scheduler@0.26.0: {}

  tslib@2.0.1: {}
